
Microsoft Visual Studio Solution File, Format Version 12.00
# Visual Studio Version 17
VisualStudioVersion = 17.9.34728.123
MinimumVisualStudioVersion = 10.0.40219.1
Project("{FAE04EC0-301F-11D3-BF4B-00C04F79EFBC}") = "Workshop Manufaktur Terpadu", "Workshop Manufaktur Terpadu\Workshop Manufaktur Terpadu.csproj", "{B389B6C3-705F-452D-B6C9-5C3394B05714}"
EndProject
Global
	GlobalSection(SolutionConfigurationPlatforms) = preSolution
		Debug|Any CPU = Debug|Any CPU
		Release|Any CPU = Release|Any CPU
	EndGlobalSection
	GlobalSection(ProjectConfigurationPlatforms) = postSolution
		{B389B6C3-705F-452D-B6C9-5C3394B05714}.Debug|Any CPU.ActiveCfg = Debug|Any CPU
		{B389B6C3-705F-452D-B6C9-5C3394B05714}.Debug|Any CPU.Build.0 = Debug|Any CPU
		{B389B6C3-705F-452D-B6C9-5C3394B05714}.Release|Any CPU.ActiveCfg = Release|Any CPU
		{B389B6C3-705F-452D-B6C9-5C3394B05714}.Release|Any CPU.Build.0 = Release|Any CPU
	EndGlobalSection
	GlobalSection(SolutionProperties) = preSolution
		HideSolutionNode = FALSE
	EndGlobalSection
	GlobalSection(ExtensibilityGlobals) = postSolution
		SolutionGuid = {4ADDA5AF-F775-45C9-90A0-0A0AF8114F8C}
	EndGlobalSection
EndGlobal
